Microsoft Visual Studio Solution File, Format Version 12.00
# Visual Studio 2012
Project("{FAE04EC0-301F-11D3-BF4B-00C04F79EFBC}") = "2D_godot_project", "2D_godot_project.csproj", "{CEE6EF8B-1EB1-4FAA-BAB6-81603DC5E30C}"
EndProject
Global
	GlobalSection(SolutionConfigurationPlatforms) = preSolution
	Debug|Any CPU = Debug|Any CPU
	ExportDebug|Any CPU = ExportDebug|Any CPU
	ExportRelease|Any CPU = ExportRelease|Any CPU
	EndGlobalSection
	GlobalSection(ProjectConfigurationPlatforms) = postSolution
		{CEE6EF8B-1EB1-4FAA-BAB6-81603DC5E30C}.Debug|Any CPU.ActiveCfg = Debug|Any CPU
		{CEE6EF8B-1EB1-4FAA-BAB6-81603DC5E30C}.Debug|Any CPU.Build.0 = Debug|Any CPU
		{CEE6EF8B-1EB1-4FAA-BAB6-81603DC5E30C}.ExportDebug|Any CPU.ActiveCfg = ExportDebug|Any CPU
		{CEE6EF8B-1EB1-4FAA-BAB6-81603DC5E30C}.ExportDebug|Any CPU.Build.0 = ExportDebug|Any CPU
		{CEE6EF8B-1EB1-4FAA-BAB6-81603DC5E30C}.ExportRelease|Any CPU.ActiveCfg = ExportRelease|Any CPU
		{CEE6EF8B-1EB1-4FAA-BAB6-81603DC5E30C}.ExportRelease|Any CPU.Build.0 = ExportRelease|Any CPU
	EndGlobalSection
EndGlobal
